
Microsoft Visual Studio Solution File, Format Version 11.00
# Visual Studio 2010
Project("{FAE04EC0-301F-11D3-BF4B-00C04F79EFBC}") = "Assembly-CSharp", "Assembly-CSharp.csproj", "{4b4b3132-36ba-c3b0-1ef1-7e19a40964aa}"
EndProject
Project("{FAE04EC0-301F-11D3-BF4B-00C04F79EFBC}") = "Assembly-CSharp-Editor", "Assembly-CSharp-Editor.csproj", "{7a92cf13-45f9-39c6-eacb-a14dd2fd4535}"
EndProject
Global
	GlobalSection(SolutionConfigurationPlatforms) = preSolution
		Debug|Any CPU = Debug|Any CPU
	EndGlobalSection
	GlobalSection(ProjectConfigurationPlatforms) = postSolution
		{4b4b3132-36ba-c3b0-1ef1-7e19a40964aa}.Debug|Any CPU.ActiveCfg = Debug|Any CPU
		{4b4b3132-36ba-c3b0-1ef1-7e19a40964aa}.Debug|Any CPU.Build.0 = Debug|Any CPU
		{7a92cf13-45f9-39c6-eacb-a14dd2fd4535}.Debug|Any CPU.ActiveCfg = Debug|Any CPU
		{7a92cf13-45f9-39c6-eacb-a14dd2fd4535}.Debug|Any CPU.Build.0 = Debug|Any CPU
	EndGlobalSection
	GlobalSection(SolutionProperties) = preSolution
		HideSolutionNode = FALSE
	EndGlobalSection
EndGlobal
